
Microsoft Visual Studio Solution File, Format Version 12.00
# Visual Studio 15
VisualStudioVersion = 15.0.26430.16
MinimumVisualStudioVersion = 10.0.40219.1
Project("{FAE04EC0-301F-11D3-BF4B-00C04F79EFBC}") = "GranBazaar", "GranBazaar\GranBazaar.csproj", "{9B9AA384-663B-4A4E-9FA2-2B27C9B73877}"
EndProject
Global
	GlobalSection(SolutionConfigurationPlatforms) = preSolution
		Debug|Any CPU = Debug|Any CPU
		Release|Any CPU = Release|Any CPU
	EndGlobalSection
	GlobalSection(ProjectConfigurationPlatforms) = postSolution
		{9B9AA384-663B-4A4E-9FA2-2B27C9B73877}.Debug|Any CPU.ActiveCfg = Debug|Any CPU
		{9B9AA384-663B-4A4E-9FA2-2B27C9B73877}.Debug|Any CPU.Build.0 = Debug|Any CPU
		{9B9AA384-663B-4A4E-9FA2-2B27C9B73877}.Release|Any CPU.ActiveCfg = Release|Any CPU
		{9B9AA384-663B-4A4E-9FA2-2B27C9B73877}.Release|Any CPU.Build.0 = Release|Any CPU
	EndGlobalSection
	GlobalSection(SolutionProperties) = preSolution
		HideSolutionNode = FALSE
	EndGlobalSection
EndGlobal
